
Microsoft Visual Studio Solution File, Format Version 11.00
# Visual Studio 2010
Project("{FAE04EC0-301F-11D3-BF4B-00C04F79EFBC}") = "Assembly-CSharp", "Assembly-CSharp.csproj", "{b8e21f2f-4bd3-ce95-809a-06e3b36597a2}"
EndProject
Project("{FAE04EC0-301F-11D3-BF4B-00C04F79EFBC}") = "Assembly-CSharp-Editor", "Assembly-CSharp-Editor.csproj", "{bdf249ca-e6bc-84c1-009c-48f0efae68b6}"
EndProject
Global
	GlobalSection(SolutionConfigurationPlatforms) = preSolution
		Debug|Any CPU = Debug|Any CPU
	EndGlobalSection
	GlobalSection(ProjectConfigurationPlatforms) = postSolution
		{b8e21f2f-4bd3-ce95-809a-06e3b36597a2}.Debug|Any CPU.ActiveCfg = Debug|Any CPU
		{b8e21f2f-4bd3-ce95-809a-06e3b36597a2}.Debug|Any CPU.Build.0 = Debug|Any CPU
		{bdf249ca-e6bc-84c1-009c-48f0efae68b6}.Debug|Any CPU.ActiveCfg = Debug|Any CPU
		{bdf249ca-e6bc-84c1-009c-48f0efae68b6}.Debug|Any CPU.Build.0 = Debug|Any CPU
	EndGlobalSection
	GlobalSection(SolutionProperties) = preSolution
		HideSolutionNode = FALSE
	EndGlobalSection
EndGlobal
