
Microsoft Visual Studio Solution File, Format Version 11.00
# Visual Studio 2010
Project("{FAE04EC0-301F-11D3-BF4B-00C04F79EFBC}") = "Assembly-CSharp", "Assembly-CSharp.csproj", "{602c1864-c648-1729-ba3e-f53076f4218b}"
EndProject
Project("{FAE04EC0-301F-11D3-BF4B-00C04F79EFBC}") = "Assembly-CSharp-Editor", "Assembly-CSharp-Editor.csproj", "{a5e2d3f0-50cb-ca8e-2c4e-2fd76d0b7def}"
EndProject
Global
	GlobalSection(SolutionConfigurationPlatforms) = preSolution
		Debug|Any CPU = Debug|Any CPU
	EndGlobalSection
	GlobalSection(ProjectConfigurationPlatforms) = postSolution
		{602c1864-c648-1729-ba3e-f53076f4218b}.Debug|Any CPU.ActiveCfg = Debug|Any CPU
		{602c1864-c648-1729-ba3e-f53076f4218b}.Debug|Any CPU.Build.0 = Debug|Any CPU
		{a5e2d3f0-50cb-ca8e-2c4e-2fd76d0b7def}.Debug|Any CPU.ActiveCfg = Debug|Any CPU
		{a5e2d3f0-50cb-ca8e-2c4e-2fd76d0b7def}.Debug|Any CPU.Build.0 = Debug|Any CPU
	EndGlobalSection
	GlobalSection(SolutionProperties) = preSolution
		HideSolutionNode = FALSE
	EndGlobalSection
EndGlobal
